
Microsoft Visual Studio Solution File, Format Version 12.00
# Visual Studio 14
VisualStudioVersion = 14.0.25420.1
MinimumVisualStudioVersion = 10.0.40219.1
Project("{FAE04EC0-301F-11D3-BF4B-00C04F79EFBC}") = "TechReady.API", "TechReady.API\TechReady.API.csproj", "{BD163FFF-C2B9-406A-B4F9-B996E9761AB7}"
EndProject
Project("{FAE04EC0-301F-11D3-BF4B-00C04F79EFBC}") = "TechReady2016.Droid", "TechReady2016\TechReady2016.Droid\TechReady2016.Droid.csproj", "{408C3BCD-DADC-4A63-9D22-8937E2290345}"
EndProject
Project("{FAE04EC0-301F-11D3-BF4B-00C04F79EFBC}") = "TechReady2016.iOS", "TechReady2016\TechReady2016.iOS\TechReady2016.iOS.csproj", "{81B53032-B48C-4449-87DC-768FE2183EFD}"
EndProject
Project("{FAE04EC0-301F-11D3-BF4B-00C04F79EFBC}") = "TechReady2016.WinPhone", "TechReady2016\TechReady2016.WinPhone\TechReady2016.WinPhone.csproj", "{4B397675-2647-453F-A2D9-DE41EA8C2709}"
EndProject
Project("{FAE04EC0-301F-11D3-BF4B-00C04F79EFBC}") = "TechReady2016.UWP", "TechReady2016\TechReady2016.UWP\TechReady2016.UWP.csproj", "{FE55B936-0D05-4368-93A0-A572651F7402}"
EndProject
Project("{FAE04EC0-301F-11D3-BF4B-00C04F79EFBC}") = "TechReady2016.Windows", "TechReady2016\TechReady2016.Windows\TechReady2016.Windows.csproj", "{63AB0EFB-3074-47EA-B68C-8B26BD99EA34}"
EndProject
Project("{FAE04EC0-301F-11D3-BF4B-00C04F79EFBC}") = "TechReady2016", "TechReady2016\TechReady2016\TechReady2016.csproj", "{C4FA914F-1331-4246-9AC3-C7F56B2733B2}"
EndProject
Project("{FAE04EC0-301F-11D3-BF4B-00C04F79EFBC}") = "TechReady.Common", "TechReady.Common\TechReady.Common.csproj", "{A7EC0306-39AA-4A3A-AE44-74A573F19ABC}"
EndProject
Global
	GlobalSection(SolutionConfigurationPlatforms) = preSolution
		Ad-Hoc|Any CPU = Ad-Hoc|Any CPU
		Ad-Hoc|ARM = Ad-Hoc|ARM
		Ad-Hoc|iPhone = Ad-Hoc|iPhone
		Ad-Hoc|iPhoneSimulator = Ad-Hoc|iPhoneSimulator
		Ad-Hoc|x64 = Ad-Hoc|x64
		Ad-Hoc|x86 = Ad-Hoc|x86
		AppStore|Any CPU = AppStore|Any CPU
		AppStore|ARM = AppStore|ARM
		AppStore|iPhone = AppStore|iPhone
		AppStore|iPhoneSimulator = AppStore|iPhoneSimulator
		AppStore|x64 = AppStore|x64
		AppStore|x86 = AppStore|x86
		Debug|Any CPU = Debug|Any CPU
		Debug|ARM = Debug|ARM
		Debug|iPhone = Debug|iPhone
		Debug|iPhoneSimulator = Debug|iPhoneSimulator
		Debug|x64 = Debug|x64
		Debug|x86 = Debug|x86
		Release|Any CPU = Release|Any CPU
		Release|ARM = Release|ARM
		Release|iPhone = Release|iPhone
		Release|iPhoneSimulator = Release|iPhoneSimulator
		Release|x64 = Release|x64
		Release|x86 = Release|x86
	EndGlobalSection
	GlobalSection(ProjectConfigurationPlatforms) = postSolution
		{BD163FFF-C2B9-406A-B4F9-B996E9761AB7}.Ad-Hoc|Any CPU.ActiveCfg = Release|Any CPU
		{BD163FFF-C2B9-406A-B4F9-B996E9761AB7}.Ad-Hoc|Any CPU.Build.0 = Release|Any CPU
		{BD163FFF-C2B9-406A-B4F9-B996E9761AB7}.Ad-Hoc|ARM.ActiveCfg = Release|Any CPU
		{BD163FFF-C2B9-406A-B4F9-B996E9761AB7}.Ad-Hoc|ARM.Build.0 = Release|Any CPU
		{BD163FFF-C2B9-406A-B4F9-B996E9761AB7}.Ad-Hoc|iPhone.ActiveCfg = Release|Any CPU
		{BD163FFF-C2B9-406A-B4F9-B996E9761AB7}.Ad-Hoc|iPhone.Build.0 = Release|Any CPU
		{BD163FFF-C2B9-406A-B4F9-B996E9761AB7}.Ad-Hoc|iPhoneSimulator.ActiveCfg = Release|Any CPU
		{BD163FFF-C2B9-406A-B4F9-B996E9761AB7}.Ad-Hoc|iPhoneSimulator.Build.0 = Release|Any CPU
		{BD163FFF-C2B9-406A-B4F9-B996E9761AB7}.Ad-Hoc|x64.ActiveCfg = Release|Any CPU
		{BD163FFF-C2B9-406A-B4F9-B996E9761AB7}.Ad-Hoc|x64.Build.0 = Release|Any CPU
		{BD163FFF-C2B9-406A-B4F9-B996E9761AB7}.Ad-Hoc|x86.ActiveCfg = Release|Any CPU
		{BD163FFF-C2B9-406A-B4F9-B996E9761AB7}.Ad-Hoc|x86.Build.0 = Release|Any CPU
		{BD163FFF-C2B9-406A-B4F9-B996E9761AB7}.AppStore|Any CPU.ActiveCfg = Release|Any CPU
		{BD163FFF-C2B9-406A-B4F9-B996E9761AB7}.AppStore|Any CPU.Build.0 = Release|Any CPU
		{BD163FFF-C2B9-406A-B4F9-B996E9761AB7}.AppStore|ARM.ActiveCfg = Release|Any CPU
		{BD163FFF-C2B9-406A-B4F9-B996E9761AB7}.AppStore|ARM.Build.0 = Release|Any CPU
		{BD163FFF-C2B9-406A-B4F9-B996E9761AB7}.AppStore|iPhone.ActiveCfg = Release|Any CPU
		{BD163FFF-C2B9-406A-B4F9-B996E9761AB7}.AppStore|iPhone.Build.0 = Release|Any CPU
		{BD163FFF-C2B9-406A-B4F9-B996E9761AB7}.AppStore|iPhoneSimulator.ActiveCfg = Release|Any CPU
		{BD163FFF-C2B9-406A-B4F9-B996E9761AB7}.AppStore|iPhoneSimulator.Build.0 = Release|Any CPU
		{BD163FFF-C2B9-406A-B4F9-B996E9761AB7}.AppStore|x64.ActiveCfg = Release|Any CPU
		{BD163FFF-C2B9-406A-B4F9-B996E9761AB7}.AppStore|x64.Build.0 = Release|Any CPU
		{BD163FFF-C2B9-406A-B4F9-B996E9761AB7}.AppStore|x86.ActiveCfg = Release|Any CPU
		{BD163FFF-C2B9-406A-B4F9-B996E9761AB7}.AppStore|x86.Build.0 = Release|Any CPU
		{BD163FFF-C2B9-406A-B4F9-B996E9761AB7}.Debug|Any CPU.ActiveCfg = Debug|Any CPU
		{BD163FFF-C2B9-406A-B4F9-B996E9761AB7}.Debug|Any CPU.Build.0 = Debug|Any CPU
		{BD163FFF-C2B9-406A-B4F9-B996E9761AB7}.Debug|ARM.ActiveCfg = Debug|Any CPU
		{BD163FFF-C2B9-406A-B4F9-B996E9761AB7}.Debug|ARM.Build.0 = Debug|Any CPU
		{BD163FFF-C2B9-406A-B4F9-B996E9761AB7}.Debug|iPhone.ActiveCfg = Debug|Any CPU
		{BD163FFF-C2B9-406A-B4F9-B996E9761AB7}.Debug|iPhone.Build.0 = Debug|Any CPU
		{BD163FFF-C2B9-406A-B4F9-B996E9761AB7}.Debug|iPhoneSimulator.ActiveCfg = Debug|Any CPU
		{BD163FFF-C2B9-406A-B4F9-B996E9761AB7}.Debug|iPhoneSimulator.Build.0 = Debug|Any CPU
		{BD163FFF-C2B9-406A-B4F9-B996E9761AB7}.Debug|x64.ActiveCfg = Debug|Any CPU
		{BD163FFF-C2B9-406A-B4F9-B996E9761AB7}.Debug|x64.Build.0 = Debug|Any CPU
		{BD163FFF-C2B9-406A-B4F9-B996E9761AB7}.Debug|x86.ActiveCfg = Debug|Any CPU
		{BD163FFF-C2B9-406A-B4F9-B996E9761AB7}.Debug|x86.Build.0 = Debug|Any CPU
		{BD163FFF-C2B9-406A-B4F9-B996E9761AB7}.Release|Any CPU.ActiveCfg = Release|Any CPU
		{BD163FFF-C2B9-406A-B4F9-B996E9761AB7}.Release|Any CPU.Build.0 = Release|Any CPU
		{BD163FFF-C2B9-406A-B4F9-B996E9761AB7}.Release|ARM.ActiveCfg = Release|Any CPU
		{BD163FFF-C2B9-406A-B4F9-B996E9761AB7}.Release|ARM.Build.0 = Release|Any CPU
		{BD163FFF-C2B9-406A-B4F9-B996E9761AB7}.Release|iPhone.ActiveCfg = Release|Any CPU
		{BD163FFF-C2B9-406A-B4F9-B996E9761AB7}.Release|iPhone.Build.0 = Release|Any CPU
		{BD163FFF-C2B9-406A-B4F9-B996E9761AB7}.Release|iPhoneSimulator.ActiveCfg = Release|Any CPU
		{BD163FFF-C2B9-406A-B4F9-B996E9761AB7}.Release|iPhoneSimulator.Build.0 = Release|Any CPU
		{BD163FFF-C2B9-406A-B4F9-B996E9761AB7}.Release|x64.ActiveCfg = Release|Any CPU
		{BD163FFF-C2B9-406A-B4F9-B996E9761AB7}.Release|x64.Build.0 = Release|Any CPU
		{BD163FFF-C2B9-406A-B4F9-B996E9761AB7}.Release|x86.ActiveCfg = Release|Any CPU
		{BD163FFF-C2B9-406A-B4F9-B996E9761AB7}.Release|x86.Build.0 = Release|Any CPU
		{408C3BCD-DADC-4A63-9D22-8937E2290345}.Ad-Hoc|Any CPU.ActiveCfg = Release|Any CPU
		{408C3BCD-DADC-4A63-9D22-8937E2290345}.Ad-Hoc|Any CPU.Build.0 = Release|Any CPU
		{408C3BCD-DADC-4A63-9D22-8937E2290345}.Ad-Hoc|Any CPU.Deploy.0 = Release|Any CPU
		{408C3BCD-DADC-4A63-9D22-8937E2290345}.Ad-Hoc|ARM.ActiveCfg = Release|Any CPU
		{408C3BCD-DADC-4A63-9D22-8937E2290345}.Ad-Hoc|ARM.Build.0 = Release|Any CPU
		{408C3BCD-DADC-4A63-9D22-8937E2290345}.Ad-Hoc|ARM.Deploy.0 = Release|Any CPU
		{408C3BCD-DADC-4A63-9D22-8937E2290345}.Ad-Hoc|iPhone.ActiveCfg = Release|Any CPU
		{408C3BCD-DADC-4A63-9D22-8937E2290345}.Ad-Hoc|iPhone.Build.0 = Release|Any CPU
		{408C3BCD-DADC-4A63-9D22-8937E2290345}.Ad-Hoc|iPhone.Deploy.0 = Release|Any CPU
		{408C3BCD-DADC-4A63-9D22-8937E2290345}.Ad-Hoc|iPhoneSimulator.ActiveCfg = Release|Any CPU
		{408C3BCD-DADC-4A63-9D22-8937E2290345}.Ad-Hoc|iPhoneSimulator.Build.0 = Release|Any CPU
		{408C3BCD-DADC-4A63-9D22-8937E2290345}.Ad-Hoc|iPhoneSimulator.Deploy.0 = Release|Any CPU
		{408C3BCD-DADC-4A63-9D22-8937E2290345}.Ad-Hoc|x64.ActiveCfg = Release|Any CPU
		{408C3BCD-DADC-4A63-9D22-8937E2290345}.Ad-Hoc|x64.Build.0 = Release|Any CPU
		{408C3BCD-DADC-4A63-9D22-8937E2290345}.Ad-Hoc|x64.Deploy.0 = Release|Any CPU
		{408C3BCD-DADC-4A63-9D22-8937E2290345}.Ad-Hoc|x86.ActiveCfg = Release|Any CPU
		{408C3BCD-DADC-4A63-9D22-8937E2290345}.Ad-Hoc|x86.Build.0 = Release|Any CPU
		{408C3BCD-DADC-4A63-9D22-8937E2290345}.Ad-Hoc|x86.Deploy.0 = Release|Any CPU
		{408C3BCD-DADC-4A63-9D22-8937E2290345}.AppStore|Any CPU.ActiveCfg = Release|Any CPU
		{408C3BCD-DADC-4A63-9D22-8937E2290345}.AppStore|Any CPU.Build.0 = Release|Any CPU
		{408C3BCD-DADC-4A63-9D22-8937E2290345}.AppStore|Any CPU.Deploy.0 = Release|Any CPU
		{408C3BCD-DADC-4A63-9D22-8937E2290345}.AppStore|ARM.ActiveCfg = Release|Any CPU
		{408C3BCD-DADC-4A63-9D22-8937E2290345}.AppStore|ARM.Build.0 = Release|Any CPU
		{408C3BCD-DADC-4A63-9D22-8937E2290345}.AppStore|ARM.Deploy.0 = Release|Any CPU
		{408C3BCD-DADC-4A63-9D22-8937E2290345}.AppStore|iPhone.ActiveCfg = Release|Any CPU
		{408C3BCD-DADC-4A63-9D22-8937E2290345}.AppStore|iPhone.Build.0 = Release|Any CPU
		{408C3BCD-DADC-4A63-9D22-8937E2290345}.AppStore|iPhone.Deploy.0 = Release|Any CPU
		{408C3BCD-DADC-4A63-9D22-8937E2290345}.AppStore|iPhoneSimulator.ActiveCfg = Release|Any CPU
		{408C3BCD-DADC-4A63-9D22-8937E2290345}.AppStore|iPhoneSimulator.Build.0 = Release|Any CPU
		{408C3BCD-DADC-4A63-9D22-8937E2290345}.AppStore|iPhoneSimulator.Deploy.0 = Release|Any CPU
		{408C3BCD-DADC-4A63-9D22-8937E2290345}.AppStore|x64.ActiveCfg = Release|Any CPU
		{408C3BCD-DADC-4A63-9D22-8937E2290345}.AppStore|x64.Build.0 = Release|Any CPU
		{408C3BCD-DADC-4A63-9D22-8937E2290345}.AppStore|x64.Deploy.0 = Release|Any CPU
		{408C3BCD-DADC-4A63-9D22-8937E2290345}.AppStore|x86.ActiveCfg = Release|Any CPU
		{408C3BCD-DADC-4A63-9D22-8937E2290345}.AppStore|x86.Build.0 = Release|Any CPU
		{408C3BCD-DADC-4A63-9D22-8937E2290345}.AppStore|x86.Deploy.0 = Release|Any CPU
		{408C3BCD-DADC-4A63-9D22-8937E2290345}.Debug|Any CPU.ActiveCfg = Debug|Any CPU
		{408C3BCD-DADC-4A63-9D22-8937E2290345}.Debug|Any CPU.Build.0 = Debug|Any CPU
		{408C3BCD-DADC-4A63-9D22-8937E2290345}.Debug|Any CPU.Deploy.0 = Debug|Any CPU
		{408C3BCD-DADC-4A63-9D22-8937E2290345}.Debug|ARM.ActiveCfg = Debug|Any CPU
		{408C3BCD-DADC-4A63-9D22-8937E2290345}.Debug|ARM.Build.0 = Debug|Any CPU
		{408C3BCD-DADC-4A63-9D22-8937E2290345}.Debug|ARM.Deploy.0 = Debug|Any CPU
		{408C3BCD-DADC-4A63-9D22-8937E2290345}.Debug|iPhone.ActiveCfg = Debug|Any CPU
		{408C3BCD-DADC-4A63-9D22-8937E2290345}.Debug|iPhone.Build.0 = Debug|Any CPU
		{408C3BCD-DADC-4A63-9D22-8937E2290345}.Debug|iPhone.Deploy.0 = Debug|Any CPU
		{408C3BCD-DADC-4A63-9D22-8937E2290345}.Debug|iPhoneSimulator.ActiveCfg = Debug|Any CPU
		{408C3BCD-DADC-4A63-9D22-8937E2290345}.Debug|iPhoneSimulator.Build.0 = Debug|Any CPU
		{408C3BCD-DADC-4A63-9D22-8937E2290345}.Debug|iPhoneSimulator.Deploy.0 = Debug|Any CPU
		{408C3BCD-DADC-4A63-9D22-8937E2290345}.Debug|x64.ActiveCfg = Debug|Any CPU
		{408C3BCD-DADC-4A63-9D22-8937E2290345}.Debug|x64.Build.0 = Debug|Any CPU
		{408C3BCD-DADC-4A63-9D22-8937E2290345}.Debug|x64.Deploy.0 = Debug|Any CPU
		{408C3BCD-DADC-4A63-9D22-8937E2290345}.Debug|x86.ActiveCfg = Debug|Any CPU
		{408C3BCD-DADC-4A63-9D22-8937E2290345}.Debug|x86.Build.0 = Debug|Any CPU
		{408C3BCD-DADC-4A63-9D22-8937E2290345}.Debug|x86.Deploy.0 = Debug|Any CPU
		{408C3BCD-DADC-4A63-9D22-8937E2290345}.Release|Any CPU.ActiveCfg = Release|Any CPU
		{408C3BCD-DADC-4A63-9D22-8937E2290345}.Release|Any CPU.Build.0 = Release|Any CPU
		{408C3BCD-DADC-4A63-9D22-8937E2290345}.Release|Any CPU.Deploy.0 = Release|Any CPU
		{408C3BCD-DADC-4A63-9D22-8937E2290345}.Release|ARM.ActiveCfg = Release|Any CPU
		{408C3BCD-DADC-4A63-9D22-8937E2290345}.Release|ARM.Build.0 = Release|Any CPU
		{408C3BCD-DADC-4A63-9D22-8937E2290345}.Release|ARM.Deploy.0 = Release|Any CPU
		{408C3BCD-DADC-4A63-9D22-8937E2290345}.Release|iPhone.ActiveCfg = Release|Any CPU
		{408C3BCD-DADC-4A63-9D22-8937E2290345}.Release|iPhone.Build.0 = Release|Any CPU
		{408C3BCD-DADC-4A63-9D22-8937E2290345}.Release|iPhone.Deploy.0 = Release|Any CPU
		{408C3BCD-DADC-4A63-9D22-8937E2290345}.Release|iPhoneSimulator.ActiveCfg = Release|Any CPU
		{408C3BCD-DADC-4A63-9D22-8937E2290345}.Release|iPhoneSimulator.Build.0 = Release|Any CPU
		{408C3BCD-DADC-4A63-9D22-8937E2290345}.Release|iPhoneSimulator.Deploy.0 = Release|Any CPU
		{408C3BCD-DADC-4A63-9D22-8937E2290345}.Release|x64.ActiveCfg = Release|Any CPU
		{408C3BCD-DADC-4A63-9D22-8937E2290345}.Release|x64.Build.0 = Release|Any CPU
		{408C3BCD-DADC-4A63-9D22-8937E2290345}.Release|x64.Deploy.0 = Release|Any CPU
		{408C3BCD-DADC-4A63-9D22-8937E2290345}.Release|x86.ActiveCfg = Release|Any CPU
		{408C3BCD-DADC-4A63-9D22-8937E2290345}.Release|x86.Build.0 = Release|Any CPU
		{408C3BCD-DADC-4A63-9D22-8937E2290345}.Release|x86.Deploy.0 = Release|Any CPU
		{81B53032-B48C-4449-87DC-768FE2183EFD}.Ad-Hoc|Any CPU.ActiveCfg = Ad-Hoc|iPhone
		{81B53032-B48C-4449-87DC-768FE2183EFD}.Ad-Hoc|ARM.ActiveCfg = Ad-Hoc|iPhone
		{81B53032-B48C-4449-87DC-768FE2183EFD}.Ad-Hoc|iPhone.ActiveCfg = Ad-Hoc|iPhone
		{81B53032-B48C-4449-87DC-768FE2183EFD}.Ad-Hoc|iPhone.Build.0 = Ad-Hoc|iPhone
		{81B53032-B48C-4449-87DC-768FE2183EFD}.Ad-Hoc|iPhoneSimulator.ActiveCfg = Ad-Hoc|iPhoneSimulator
		{81B53032-B48C-4449-87DC-768FE2183EFD}.Ad-Hoc|iPhoneSimulator.Build.0 = Ad-Hoc|iPhoneSimulator
		{81B53032-B48C-4449-87DC-768FE2183EFD}.Ad-Hoc|x64.ActiveCfg = Ad-Hoc|iPhone
		{81B53032-B48C-4449-87DC-768FE2183EFD}.Ad-Hoc|x86.ActiveCfg = Ad-Hoc|iPhone
		{81B53032-B48C-4449-87DC-768FE2183EFD}.AppStore|Any CPU.ActiveCfg = AppStore|iPhone
		{81B53032-B48C-4449-87DC-768FE2183EFD}.AppStore|ARM.ActiveCfg = AppStore|iPhone
		{81B53032-B48C-4449-87DC-768FE2183EFD}.AppStore|iPhone.ActiveCfg = AppStore|iPhone
		{81B53032-B48C-4449-87DC-768FE2183EFD}.AppStore|iPhone.Build.0 = AppStore|iPhone
		{81B53032-B48C-4449-87DC-768FE2183EFD}.AppStore|iPhoneSimulator.ActiveCfg = AppStore|iPhoneSimulator
		{81B53032-B48C-4449-87DC-768FE2183EFD}.AppStore|iPhoneSimulator.Build.0 = AppStore|iPhoneSimulator
		{81B53032-B48C-4449-87DC-768FE2183EFD}.AppStore|x64.ActiveCfg = AppStore|iPhone
		{81B53032-B48C-4449-87DC-768FE2183EFD}.AppStore|x86.ActiveCfg = AppStore|iPhone
		{81B53032-B48C-4449-87DC-768FE2183EFD}.Debug|Any CPU.ActiveCfg = Debug|iPhone
		{81B53032-B48C-4449-87DC-768FE2183EFD}.Debug|ARM.ActiveCfg = Debug|iPhone
		{81B53032-B48C-4449-87DC-768FE2183EFD}.Debug|iPhone.ActiveCfg = Debug|iPhone
		{81B53032-B48C-4449-87DC-768FE2183EFD}.Debug|iPhone.Build.0 = Debug|iPhone
		{81B53032-B48C-4449-87DC-768FE2183EFD}.Debug|iPhoneSimulator.ActiveCfg = Debug|iPhoneSimulator
		{81B53032-B48C-4449-87DC-768FE2183EFD}.Debug|iPhoneSimulator.Build.0 = Debug|iPhoneSimulator
		{81B53032-B48C-4449-87DC-768FE2183EFD}.Debug|x64.ActiveCfg = Debug|iPhone
		{81B53032-B48C-4449-87DC-768FE2183EFD}.Debug|x86.ActiveCfg = Debug|iPhone
		{81B53032-B48C-4449-87DC-768FE2183EFD}.Release|Any CPU.ActiveCfg = Release|iPhone
		{81B53032-B48C-4449-87DC-768FE2183EFD}.Release|ARM.ActiveCfg = Release|iPhone
		{81B53032-B48C-4449-87DC-768FE2183EFD}.Release|iPhone.ActiveCfg = Release|iPhone
		{81B53032-B48C-4449-87DC-768FE2183EFD}.Release|iPhone.Build.0 = Release|iPhone
		{81B53032-B48C-4449-87DC-768FE2183EFD}.Release|iPhoneSimulator.ActiveCfg = Release|iPhoneSimulator
		{81B53032-B48C-4449-87DC-768FE2183EFD}.Release|iPhoneSimulator.Build.0 = Release|iPhoneSimulator
		{81B53032-B48C-4449-87DC-768FE2183EFD}.Release|x64.ActiveCfg = Release|iPhone
		{81B53032-B48C-4449-87DC-768FE2183EFD}.Release|x86.ActiveCfg = Release|iPhone
		{4B397675-2647-453F-A2D9-DE41EA8C2709}.Ad-Hoc|Any CPU.ActiveCfg = Release|Any CPU
		{4B397675-2647-453F-A2D9-DE41EA8C2709}.Ad-Hoc|Any CPU.Build.0 = Release|Any CPU
		{4B397675-2647-453F-A2D9-DE41EA8C2709}.Ad-Hoc|Any CPU.Deploy.0 = Release|Any CPU
		{4B397675-2647-453F-A2D9-DE41EA8C2709}.Ad-Hoc|ARM.ActiveCfg = Release|ARM
		{4B397675-2647-453F-A2D9-DE41EA8C2709}.Ad-Hoc|ARM.Build.0 = Release|ARM
		{4B397675-2647-453F-A2D9-DE41EA8C2709}.Ad-Hoc|ARM.Deploy.0 = Release|ARM
		{4B397675-2647-453F-A2D9-DE41EA8C2709}.Ad-Hoc|iPhone.ActiveCfg = Release|Any CPU
		{4B397675-2647-453F-A2D9-DE41EA8C2709}.Ad-Hoc|iPhone.Build.0 = Release|Any CPU
		{4B397675-2647-453F-A2D9-DE41EA8C2709}.Ad-Hoc|iPhone.Deploy.0 = Release|Any CPU
		{4B397675-2647-453F-A2D9-DE41EA8C2709}.Ad-Hoc|iPhoneSimulator.ActiveCfg = Release|Any CPU
		{4B397675-2647-453F-A2D9-DE41EA8C2709}.Ad-Hoc|iPhoneSimulator.Build.0 = Release|Any CPU
		{4B397675-2647-453F-A2D9-DE41EA8C2709}.Ad-Hoc|iPhoneSimulator.Deploy.0 = Release|Any CPU
		{4B397675-2647-453F-A2D9-DE41EA8C2709}.Ad-Hoc|x64.ActiveCfg = Release|Any CPU
		{4B397675-2647-453F-A2D9-DE41EA8C2709}.Ad-Hoc|x64.Build.0 = Release|Any CPU
		{4B397675-2647-453F-A2D9-DE41EA8C2709}.Ad-Hoc|x64.Deploy.0 = Release|Any CPU
		{4B397675-2647-453F-A2D9-DE41EA8C2709}.Ad-Hoc|x86.ActiveCfg = Release|x86
		{4B397675-2647-453F-A2D9-DE41EA8C2709}.Ad-Hoc|x86.Build.0 = Release|x86
		{4B397675-2647-453F-A2D9-DE41EA8C2709}.Ad-Hoc|x86.Deploy.0 = Release|x86
		{4B397675-2647-453F-A2D9-DE41EA8C2709}.AppStore|Any CPU.ActiveCfg = Release|Any CPU
		{4B397675-2647-453F-A2D9-DE41EA8C2709}.AppStore|Any CPU.Build.0 = Release|Any CPU
		{4B397675-2647-453F-A2D9-DE41EA8C2709}.AppStore|Any CPU.Deploy.0 = Release|Any CPU
		{4B397675-2647-453F-A2D9-DE41EA8C2709}.AppStore|ARM.ActiveCfg = Release|ARM
		{4B397675-2647-453F-A2D9-DE41EA8C2709}.AppStore|ARM.Build.0 = Release|ARM
		{4B397675-2647-453F-A2D9-DE41EA8C2709}.AppStore|ARM.Deploy.0 = Release|ARM
		{4B397675-2647-453F-A2D9-DE41EA8C2709}.AppStore|iPhone.ActiveCfg = Release|Any CPU
		{4B397675-2647-453F-A2D9-DE41EA8C2709}.AppStore|iPhone.Build.0 = Release|Any CPU
		{4B397675-2647-453F-A2D9-DE41EA8C2709}.AppStore|iPhone.Deploy.0 = Release|Any CPU
		{4B397675-2647-453F-A2D9-DE41EA8C2709}.AppStore|iPhoneSimulator.ActiveCfg = Release|Any CPU
		{4B397675-2647-453F-A2D9-DE41EA8C2709}.AppStore|iPhoneSimulator.Build.0 = Release|Any CPU
		{4B397675-2647-453F-A2D9-DE41EA8C2709}.AppStore|iPhoneSimulator.Deploy.0 = Release|Any CPU
		{4B397675-2647-453F-A2D9-DE41EA8C2709}.AppStore|x64.ActiveCfg = Release|Any CPU
		{4B397675-2647-453F-A2D9-DE41EA8C2709}.AppStore|x64.Build.0 = Release|Any CPU
		{4B397675-2647-453F-A2D9-DE41EA8C2709}.AppStore|x64.Deploy.0 = Release|Any CPU
		{4B397675-2647-453F-A2D9-DE41EA8C2709}.AppStore|x86.ActiveCfg = Release|x86
		{4B397675-2647-453F-A2D9-DE41EA8C2709}.AppStore|x86.Build.0 = Release|x86
		{4B397675-2647-453F-A2D9-DE41EA8C2709}.AppStore|x86.Deploy.0 = Release|x86
		{4B397675-2647-453F-A2D9-DE41EA8C2709}.Debug|Any CPU.ActiveCfg = Debug|Any CPU
		{4B397675-2647-453F-A2D9-DE41EA8C2709}.Debug|Any CPU.Build.0 = Debug|Any CPU
		{4B397675-2647-453F-A2D9-DE41EA8C2709}.Debug|Any CPU.Deploy.0 = Debug|Any CPU
		{4B397675-2647-453F-A2D9-DE41EA8C2709}.Debug|ARM.ActiveCfg = Debug|ARM
		{4B397675-2647-453F-A2D9-DE41EA8C2709}.Debug|ARM.Build.0 = Debug|ARM
		{4B397675-2647-453F-A2D9-DE41EA8C2709}.Debug|ARM.Deploy.0 = Debug|ARM
		{4B397675-2647-453F-A2D9-DE41EA8C2709}.Debug|iPhone.ActiveCfg = Debug|Any CPU
		{4B397675-2647-453F-A2D9-DE41EA8C2709}.Debug|iPhone.Build.0 = Debug|Any CPU
		{4B397675-2647-453F-A2D9-DE41EA8C2709}.Debug|iPhone.Deploy.0 = Debug|Any CPU
		{4B397675-2647-453F-A2D9-DE41EA8C2709}.Debug|iPhoneSimulator.ActiveCfg = Debug|Any CPU
		{4B397675-2647-453F-A2D9-DE41EA8C2709}.Debug|iPhoneSimulator.Build.0 = Debug|Any CPU
		{4B397675-2647-453F-A2D9-DE41EA8C2709}.Debug|iPhoneSimulator.Deploy.0 = Debug|Any CPU
		{4B397675-2647-453F-A2D9-DE41EA8C2709}.Debug|x64.ActiveCfg = Debug|Any CPU
		{4B397675-2647-453F-A2D9-DE41EA8C2709}.Debug|x64.Build.0 = Debug|Any CPU
		{4B397675-2647-453F-A2D9-DE41EA8C2709}.Debug|x64.Deploy.0 = Debug|Any CPU
		{4B397675-2647-453F-A2D9-DE41EA8C2709}.Debug|x86.ActiveCfg = Debug|x86
		{4B397675-2647-453F-A2D9-DE41EA8C2709}.Debug|x86.Build.0 = Debug|x86
		{4B397675-2647-453F-A2D9-DE41EA8C2709}.Debug|x86.Deploy.0 = Debug|x86
		{4B397675-2647-453F-A2D9-DE41EA8C2709}.Release|Any CPU.ActiveCfg = Release|Any CPU
		{4B397675-2647-453F-A2D9-DE41EA8C2709}.Release|Any CPU.Build.0 = Release|Any CPU
		{4B397675-2647-453F-A2D9-DE41EA8C2709}.Release|Any CPU.Deploy.0 = Release|Any CPU
		{4B397675-2647-453F-A2D9-DE41EA8C2709}.Release|ARM.ActiveCfg = Release|ARM
		{4B397675-2647-453F-A2D9-DE41EA8C2709}.Release|ARM.Build.0 = Release|ARM
		{4B397675-2647-453F-A2D9-DE41EA8C2709}.Release|ARM.Deploy.0 = Release|ARM
		{4B397675-2647-453F-A2D9-DE41EA8C2709}.Release|iPhone.ActiveCfg = Release|Any CPU
		{4B397675-2647-453F-A2D9-DE41EA8C2709}.Release|iPhone.Build.0 = Release|Any CPU
		{4B397675-2647-453F-A2D9-DE41EA8C2709}.Release|iPhone.Deploy.0 = Release|Any CPU
		{4B397675-2647-453F-A2D9-DE41EA8C2709}.Release|iPhoneSimulator.ActiveCfg = Release|Any CPU
		{4B397675-2647-453F-A2D9-DE41EA8C2709}.Release|iPhoneSimulator.Build.0 = Release|Any CPU
		{4B397675-2647-453F-A2D9-DE41EA8C2709}.Release|iPhoneSimulator.Deploy.0 = Release|Any CPU
		{4B397675-2647-453F-A2D9-DE41EA8C2709}.Release|x64.ActiveCfg = Release|Any CPU
		{4B397675-2647-453F-A2D9-DE41EA8C2709}.Release|x64.Build.0 = Release|Any CPU
		{4B397675-2647-453F-A2D9-DE41EA8C2709}.Release|x64.Deploy.0 = Release|Any CPU
		{4B397675-2647-453F-A2D9-DE41EA8C2709}.Release|x86.ActiveCfg = Release|x86
		{4B397675-2647-453F-A2D9-DE41EA8C2709}.Release|x86.Build.0 = Release|x86
		{4B397675-2647-453F-A2D9-DE41EA8C2709}.Release|x86.Deploy.0 = Release|x86
		{FE55B936-0D05-4368-93A0-A572651F7402}.Ad-Hoc|Any CPU.ActiveCfg = Release|x86
		{FE55B936-0D05-4368-93A0-A572651F7402}.Ad-Hoc|Any CPU.Build.0 = Release|x86
		{FE55B936-0D05-4368-93A0-A572651F7402}.Ad-Hoc|Any CPU.Deploy.0 = Release|x86
		{FE55B936-0D05-4368-93A0-A572651F7402}.Ad-Hoc|ARM.ActiveCfg = Release|ARM
		{FE55B936-0D05-4368-93A0-A572651F7402}.Ad-Hoc|ARM.Build.0 = Release|ARM
		{FE55B936-0D05-4368-93A0-A572651F7402}.Ad-Hoc|ARM.Deploy.0 = Release|ARM
		{FE55B936-0D05-4368-93A0-A572651F7402}.Ad-Hoc|iPhone.ActiveCfg = Release|x86
		{FE55B936-0D05-4368-93A0-A572651F7402}.Ad-Hoc|iPhone.Build.0 = Release|x86
		{FE55B936-0D05-4368-93A0-A572651F7402}.Ad-Hoc|iPhone.Deploy.0 = Release|x86
		{FE55B936-0D05-4368-93A0-A572651F7402}.Ad-Hoc|iPhoneSimulator.ActiveCfg = Release|x86
		{FE55B936-0D05-4368-93A0-A572651F7402}.Ad-Hoc|iPhoneSimulator.Build.0 = Release|x86
		{FE55B936-0D05-4368-93A0-A572651F7402}.Ad-Hoc|iPhoneSimulator.Deploy.0 = Release|x86
		{FE55B936-0D05-4368-93A0-A572651F7402}.Ad-Hoc|x64.ActiveCfg = Release|x64
		{FE55B936-0D05-4368-93A0-A572651F7402}.Ad-Hoc|x64.Build.0 = Release|x64
		{FE55B936-0D05-4368-93A0-A572651F7402}.Ad-Hoc|x64.Deploy.0 = Release|x64
		{FE55B936-0D05-4368-93A0-A572651F7402}.Ad-Hoc|x86.ActiveCfg = Release|x86
		{FE55B936-0D05-4368-93A0-A572651F7402}.Ad-Hoc|x86.Build.0 = Release|x86
		{FE55B936-0D05-4368-93A0-A572651F7402}.Ad-Hoc|x86.Deploy.0 = Release|x86
		{FE55B936-0D05-4368-93A0-A572651F7402}.AppStore|Any CPU.ActiveCfg = Release|x86
		{FE55B936-0D05-4368-93A0-A572651F7402}.AppStore|Any CPU.Build.0 = Release|x86
		{FE55B936-0D05-4368-93A0-A572651F7402}.AppStore|Any CPU.Deploy.0 = Release|x86
		{FE55B936-0D05-4368-93A0-A572651F7402}.AppStore|ARM.ActiveCfg = Release|ARM
		{FE55B936-0D05-4368-93A0-A572651F7402}.AppStore|ARM.Build.0 = Release|ARM
		{FE55B936-0D05-4368-93A0-A572651F7402}.AppStore|ARM.Deploy.0 = Release|ARM
		{FE55B936-0D05-4368-93A0-A572651F7402}.AppStore|iPhone.ActiveCfg = Release|x86
		{FE55B936-0D05-4368-93A0-A572651F7402}.AppStore|iPhone.Build.0 = Release|x86
		{FE55B936-0D05-4368-93A0-A572651F7402}.AppStore|iPhone.Deploy.0 = Release|x86
		{FE55B936-0D05-4368-93A0-A572651F7402}.AppStore|iPhoneSimulator.ActiveCfg = Release|x86
		{FE55B936-0D05-4368-93A0-A572651F7402}.AppStore|iPhoneSimulator.Build.0 = Release|x86
		{FE55B936-0D05-4368-93A0-A572651F7402}.AppStore|iPhoneSimulator.Deploy.0 = Release|x86
		{FE55B936-0D05-4368-93A0-A572651F7402}.AppStore|x64.ActiveCfg = Release|x64
		{FE55B936-0D05-4368-93A0-A572651F7402}.AppStore|x64.Build.0 = Release|x64
		{FE55B936-0D05-4368-93A0-A572651F7402}.AppStore|x64.Deploy.0 = Release|x64
		{FE55B936-0D05-4368-93A0-A572651F7402}.AppStore|x86.ActiveCfg = Release|x86
		{FE55B936-0D05-4368-93A0-A572651F7402}.AppStore|x86.Build.0 = Release|x86
		{FE55B936-0D05-4368-93A0-A572651F7402}.AppStore|x86.Deploy.0 = Release|x86
		{FE55B936-0D05-4368-93A0-A572651F7402}.Debug|Any CPU.ActiveCfg = Debug|x86
		{FE55B936-0D05-4368-93A0-A572651F7402}.Debug|ARM.ActiveCfg = Debug|ARM
		{FE55B936-0D05-4368-93A0-A572651F7402}.Debug|ARM.Build.0 = Debug|ARM
		{FE55B936-0D05-4368-93A0-A572651F7402}.Debug|ARM.Deploy.0 = Debug|ARM
		{FE55B936-0D05-4368-93A0-A572651F7402}.Debug|iPhone.ActiveCfg = Debug|x86
		{FE55B936-0D05-4368-93A0-A572651F7402}.Debug|iPhoneSimulator.ActiveCfg = Debug|x86
		{FE55B936-0D05-4368-93A0-A572651F7402}.Debug|x64.ActiveCfg = Debug|x64
		{FE55B936-0D05-4368-93A0-A572651F7402}.Debug|x64.Build.0 = Debug|x64
		{FE55B936-0D05-4368-93A0-A572651F7402}.Debug|x64.Deploy.0 = Debug|x64
		{FE55B936-0D05-4368-93A0-A572651F7402}.Debug|x86.ActiveCfg = Debug|x86
		{FE55B936-0D05-4368-93A0-A572651F7402}.Debug|x86.Build.0 = Debug|x86
		{FE55B936-0D05-4368-93A0-A572651F7402}.Debug|x86.Deploy.0 = Debug|x86
		{FE55B936-0D05-4368-93A0-A572651F7402}.Release|Any CPU.ActiveCfg = Release|x86
		{FE55B936-0D05-4368-93A0-A572651F7402}.Release|ARM.ActiveCfg = Release|ARM
		{FE55B936-0D05-4368-93A0-A572651F7402}.Release|ARM.Build.0 = Release|ARM
		{FE55B936-0D05-4368-93A0-A572651F7402}.Release|ARM.Deploy.0 = Release|ARM
		{FE55B936-0D05-4368-93A0-A572651F7402}.Release|iPhone.ActiveCfg = Release|x86
		{FE55B936-0D05-4368-93A0-A572651F7402}.Release|iPhoneSimulator.ActiveCfg = Release|x86
		{FE55B936-0D05-4368-93A0-A572651F7402}.Release|x64.ActiveCfg = Release|x64
		{FE55B936-0D05-4368-93A0-A572651F7402}.Release|x64.Build.0 = Release|x64
		{FE55B936-0D05-4368-93A0-A572651F7402}.Release|x64.Deploy.0 = Release|x64
		{FE55B936-0D05-4368-93A0-A572651F7402}.Release|x86.ActiveCfg = Release|x86
		{FE55B936-0D05-4368-93A0-A572651F7402}.Release|x86.Build.0 = Release|x86
		{FE55B936-0D05-4368-93A0-A572651F7402}.Release|x86.Deploy.0 = Release|x86
		{63AB0EFB-3074-47EA-B68C-8B26BD99EA34}.Ad-Hoc|Any CPU.ActiveCfg = Release|Any CPU
		{63AB0EFB-3074-47EA-B68C-8B26BD99EA34}.Ad-Hoc|Any CPU.Build.0 = Release|Any CPU
		{63AB0EFB-3074-47EA-B68C-8B26BD99EA34}.Ad-Hoc|Any CPU.Deploy.0 = Release|Any CPU
		{63AB0EFB-3074-47EA-B68C-8B26BD99EA34}.Ad-Hoc|ARM.ActiveCfg = Release|ARM
		{63AB0EFB-3074-47EA-B68C-8B26BD99EA34}.Ad-Hoc|ARM.Build.0 = Release|ARM
		{63AB0EFB-3074-47EA-B68C-8B26BD99EA34}.Ad-Hoc|ARM.Deploy.0 = Release|ARM
		{63AB0EFB-3074-47EA-B68C-8B26BD99EA34}.Ad-Hoc|iPhone.ActiveCfg = Release|Any CPU
		{63AB0EFB-3074-47EA-B68C-8B26BD99EA34}.Ad-Hoc|iPhone.Build.0 = Release|Any CPU
		{63AB0EFB-3074-47EA-B68C-8B26BD99EA34}.Ad-Hoc|iPhone.Deploy.0 = Release|Any CPU
		{63AB0EFB-3074-47EA-B68C-8B26BD99EA34}.Ad-Hoc|iPhoneSimulator.ActiveCfg = Release|Any CPU
		{63AB0EFB-3074-47EA-B68C-8B26BD99EA34}.Ad-Hoc|iPhoneSimulator.Build.0 = Release|Any CPU
		{63AB0EFB-3074-47EA-B68C-8B26BD99EA34}.Ad-Hoc|iPhoneSimulator.Deploy.0 = Release|Any CPU
		{63AB0EFB-3074-47EA-B68C-8B26BD99EA34}.Ad-Hoc|x64.ActiveCfg = Release|x64
		{63AB0EFB-3074-47EA-B68C-8B26BD99EA34}.Ad-Hoc|x64.Build.0 = Release|x64
		{63AB0EFB-3074-47EA-B68C-8B26BD99EA34}.Ad-Hoc|x64.Deploy.0 = Release|x64
		{63AB0EFB-3074-47EA-B68C-8B26BD99EA34}.Ad-Hoc|x86.ActiveCfg = Release|x86
		{63AB0EFB-3074-47EA-B68C-8B26BD99EA34}.Ad-Hoc|x86.Build.0 = Release|x86
		{63AB0EFB-3074-47EA-B68C-8B26BD99EA34}.Ad-Hoc|x86.Deploy.0 = Release|x86
		{63AB0EFB-3074-47EA-B68C-8B26BD99EA34}.AppStore|Any CPU.ActiveCfg = Release|Any CPU
		{63AB0EFB-3074-47EA-B68C-8B26BD99EA34}.AppStore|Any CPU.Build.0 = Release|Any CPU
		{63AB0EFB-3074-47EA-B68C-8B26BD99EA34}.AppStore|Any CPU.Deploy.0 = Release|Any CPU
		{63AB0EFB-3074-47EA-B68C-8B26BD99EA34}.AppStore|ARM.ActiveCfg = Release|ARM
		{63AB0EFB-3074-47EA-B68C-8B26BD99EA34}.AppStore|ARM.Build.0 = Release|ARM
		{63AB0EFB-3074-47EA-B68C-8B26BD99EA34}.AppStore|ARM.Deploy.0 = Release|ARM
		{63AB0EFB-3074-47EA-B68C-8B26BD99EA34}.AppStore|iPhone.ActiveCfg = Release|Any CPU
		{63AB0EFB-3074-47EA-B68C-8B26BD99EA34}.AppStore|iPhone.Build.0 = Release|Any CPU
		{63AB0EFB-3074-47EA-B68C-8B26BD99EA34}.AppStore|iPhone.Deploy.0 = Release|Any CPU
		{63AB0EFB-3074-47EA-B68C-8B26BD99EA34}.AppStore|iPhoneSimulator.ActiveCfg = Release|Any CPU
		{63AB0EFB-3074-47EA-B68C-8B26BD99EA34}.AppStore|iPhoneSimulator.Build.0 = Release|Any CPU
		{63AB0EFB-3074-47EA-B68C-8B26BD99EA34}.AppStore|iPhoneSimulator.Deploy.0 = Release|Any CPU
		{63AB0EFB-3074-47EA-B68C-8B26BD99EA34}.AppStore|x64.ActiveCfg = Release|x64
		{63AB0EFB-3074-47EA-B68C-8B26BD99EA34}.AppStore|x64.Build.0 = Release|x64
		{63AB0EFB-3074-47EA-B68C-8B26BD99EA34}.AppStore|x64.Deploy.0 = Release|x64
		{63AB0EFB-3074-47EA-B68C-8B26BD99EA34}.AppStore|x86.ActiveCfg = Release|x86
		{63AB0EFB-3074-47EA-B68C-8B26BD99EA34}.AppStore|x86.Build.0 = Release|x86
		{63AB0EFB-3074-47EA-B68C-8B26BD99EA34}.AppStore|x86.Deploy.0 = Release|x86
		{63AB0EFB-3074-47EA-B68C-8B26BD99EA34}.Debug|Any CPU.ActiveCfg = Debug|Any CPU
		{63AB0EFB-3074-47EA-B68C-8B26BD99EA34}.Debug|Any CPU.Build.0 = Debug|Any CPU
		{63AB0EFB-3074-47EA-B68C-8B26BD99EA34}.Debug|Any CPU.Deploy.0 = Debug|Any CPU
		{63AB0EFB-3074-47EA-B68C-8B26BD99EA34}.Debug|ARM.ActiveCfg = Debug|ARM
		{63AB0EFB-3074-47EA-B68C-8B26BD99EA34}.Debug|ARM.Build.0 = Debug|ARM
		{63AB0EFB-3074-47EA-B68C-8B26BD99EA34}.Debug|ARM.Deploy.0 = Debug|ARM
		{63AB0EFB-3074-47EA-B68C-8B26BD99EA34}.Debug|iPhone.ActiveCfg = Debug|Any CPU
		{63AB0EFB-3074-47EA-B68C-8B26BD99EA34}.Debug|iPhone.Build.0 = Debug|Any CPU
		{63AB0EFB-3074-47EA-B68C-8B26BD99EA34}.Debug|iPhone.Deploy.0 = Debug|Any CPU
		{63AB0EFB-3074-47EA-B68C-8B26BD99EA34}.Debug|iPhoneSimulator.ActiveCfg = Debug|Any CPU
		{63AB0EFB-3074-47EA-B68C-8B26BD99EA34}.Debug|iPhoneSimulator.Build.0 = Debug|Any CPU
		{63AB0EFB-3074-47EA-B68C-8B26BD99EA34}.Debug|iPhoneSimulator.Deploy.0 = Debug|Any CPU
		{63AB0EFB-3074-47EA-B68C-8B26BD99EA34}.Debug|x64.ActiveCfg = Debug|x64
		{63AB0EFB-3074-47EA-B68C-8B26BD99EA34}.Debug|x64.Build.0 = Debug|x64
		{63AB0EFB-3074-47EA-B68C-8B26BD99EA34}.Debug|x64.Deploy.0 = Debug|x64
		{63AB0EFB-3074-47EA-B68C-8B26BD99EA34}.Debug|x86.ActiveCfg = Debug|x86
		{63AB0EFB-3074-47EA-B68C-8B26BD99EA34}.Debug|x86.Build.0 = Debug|x86
		{63AB0EFB-3074-47EA-B68C-8B26BD99EA34}.Debug|x86.Deploy.0 = Debug|x86
		{63AB0EFB-3074-47EA-B68C-8B26BD99EA34}.Release|Any CPU.ActiveCfg = Release|Any CPU
		{63AB0EFB-3074-47EA-B68C-8B26BD99EA34}.Release|Any CPU.Build.0 = Release|Any CPU
		{63AB0EFB-3074-47EA-B68C-8B26BD99EA34}.Release|Any CPU.Deploy.0 = Release|Any CPU
		{63AB0EFB-3074-47EA-B68C-8B26BD99EA34}.Release|ARM.ActiveCfg = Release|ARM
		{63AB0EFB-3074-47EA-B68C-8B26BD99EA34}.Release|ARM.Build.0 = Release|ARM
		{63AB0EFB-3074-47EA-B68C-8B26BD99EA34}.Release|ARM.Deploy.0 = Release|ARM
		{63AB0EFB-3074-47EA-B68C-8B26BD99EA34}.Release|iPhone.ActiveCfg = Release|Any CPU
		{63AB0EFB-3074-47EA-B68C-8B26BD99EA34}.Release|iPhone.Build.0 = Release|Any CPU
		{63AB0EFB-3074-47EA-B68C-8B26BD99EA34}.Release|iPhone.Deploy.0 = Release|Any CPU
		{63AB0EFB-3074-47EA-B68C-8B26BD99EA34}.Release|iPhoneSimulator.ActiveCfg = Release|Any CPU
		{63AB0EFB-3074-47EA-B68C-8B26BD99EA34}.Release|iPhoneSimulator.Build.0 = Release|Any CPU
		{63AB0EFB-3074-47EA-B68C-8B26BD99EA34}.Release|iPhoneSimulator.Deploy.0 = Release|Any CPU
		{63AB0EFB-3074-47EA-B68C-8B26BD99EA34}.Release|x64.ActiveCfg = Release|x64
		{63AB0EFB-3074-47EA-B68C-8B26BD99EA34}.Release|x64.Build.0 = Release|x64
		{63AB0EFB-3074-47EA-B68C-8B26BD99EA34}.Release|x64.Deploy.0 = Release|x64
		{63AB0EFB-3074-47EA-B68C-8B26BD99EA34}.Release|x86.ActiveCfg = Release|x86
		{63AB0EFB-3074-47EA-B68C-8B26BD99EA34}.Release|x86.Build.0 = Release|x86
		{63AB0EFB-3074-47EA-B68C-8B26BD99EA34}.Release|x86.Deploy.0 = Release|x86
		{C4FA914F-1331-4246-9AC3-C7F56B2733B2}.Ad-Hoc|Any CPU.ActiveCfg = Release|Any CPU
		{C4FA914F-1331-4246-9AC3-C7F56B2733B2}.Ad-Hoc|Any CPU.Build.0 = Release|Any CPU
		{C4FA914F-1331-4246-9AC3-C7F56B2733B2}.Ad-Hoc|ARM.ActiveCfg = Release|Any CPU
		{C4FA914F-1331-4246-9AC3-C7F56B2733B2}.Ad-Hoc|ARM.Build.0 = Release|Any CPU
		{C4FA914F-1331-4246-9AC3-C7F56B2733B2}.Ad-Hoc|iPhone.ActiveCfg = Release|Any CPU
		{C4FA914F-1331-4246-9AC3-C7F56B2733B2}.Ad-Hoc|iPhone.Build.0 = Release|Any CPU
		{C4FA914F-1331-4246-9AC3-C7F56B2733B2}.Ad-Hoc|iPhoneSimulator.ActiveCfg = Release|Any CPU
		{C4FA914F-1331-4246-9AC3-C7F56B2733B2}.Ad-Hoc|iPhoneSimulator.Build.0 = Release|Any CPU
		{C4FA914F-1331-4246-9AC3-C7F56B2733B2}.Ad-Hoc|x64.ActiveCfg = Release|Any CPU
		{C4FA914F-1331-4246-9AC3-C7F56B2733B2}.Ad-Hoc|x64.Build.0 = Release|Any CPU
		{C4FA914F-1331-4246-9AC3-C7F56B2733B2}.Ad-Hoc|x86.ActiveCfg = Release|Any CPU
		{C4FA914F-1331-4246-9AC3-C7F56B2733B2}.Ad-Hoc|x86.Build.0 = Release|Any CPU
		{C4FA914F-1331-4246-9AC3-C7F56B2733B2}.AppStore|Any CPU.ActiveCfg = Release|Any CPU
		{C4FA914F-1331-4246-9AC3-C7F56B2733B2}.AppStore|Any CPU.Build.0 = Release|Any CPU
		{C4FA914F-1331-4246-9AC3-C7F56B2733B2}.AppStore|ARM.ActiveCfg = Release|Any CPU
		{C4FA914F-1331-4246-9AC3-C7F56B2733B2}.AppStore|ARM.Build.0 = Release|Any CPU
		{C4FA914F-1331-4246-9AC3-C7F56B2733B2}.AppStore|iPhone.ActiveCfg = Release|Any CPU
		{C4FA914F-1331-4246-9AC3-C7F56B2733B2}.AppStore|iPhone.Build.0 = Release|Any CPU
		{C4FA914F-1331-4246-9AC3-C7F56B2733B2}.AppStore|iPhoneSimulator.ActiveCfg = Release|Any CPU
		{C4FA914F-1331-4246-9AC3-C7F56B2733B2}.AppStore|iPhoneSimulator.Build.0 = Release|Any CPU
		{C4FA914F-1331-4246-9AC3-C7F56B2733B2}.AppStore|x64.ActiveCfg = Release|Any CPU
		{C4FA914F-1331-4246-9AC3-C7F56B2733B2}.AppStore|x64.Build.0 = Release|Any CPU
		{C4FA914F-1331-4246-9AC3-C7F56B2733B2}.AppStore|x86.ActiveCfg = Release|Any CPU
		{C4FA914F-1331-4246-9AC3-C7F56B2733B2}.AppStore|x86.Build.0 = Release|Any CPU
		{C4FA914F-1331-4246-9AC3-C7F56B2733B2}.Debug|Any CPU.ActiveCfg = Debug|Any CPU
		{C4FA914F-1331-4246-9AC3-C7F56B2733B2}.Debug|Any CPU.Build.0 = Debug|Any CPU
		{C4FA914F-1331-4246-9AC3-C7F56B2733B2}.Debug|ARM.ActiveCfg = Debug|Any CPU
		{C4FA914F-1331-4246-9AC3-C7F56B2733B2}.Debug|ARM.Build.0 = Debug|Any CPU
		{C4FA914F-1331-4246-9AC3-C7F56B2733B2}.Debug|iPhone.ActiveCfg = Debug|Any CPU
		{C4FA914F-1331-4246-9AC3-C7F56B2733B2}.Debug|iPhone.Build.0 = Debug|Any CPU
		{C4FA914F-1331-4246-9AC3-C7F56B2733B2}.Debug|iPhoneSimulator.ActiveCfg = Debug|Any CPU
		{C4FA914F-1331-4246-9AC3-C7F56B2733B2}.Debug|iPhoneSimulator.Build.0 = Debug|Any CPU
		{C4FA914F-1331-4246-9AC3-C7F56B2733B2}.Debug|x64.ActiveCfg = Debug|Any CPU
		{C4FA914F-1331-4246-9AC3-C7F56B2733B2}.Debug|x64.Build.0 = Debug|Any CPU
		{C4FA914F-1331-4246-9AC3-C7F56B2733B2}.Debug|x86.ActiveCfg = Debug|Any CPU
		{C4FA914F-1331-4246-9AC3-C7F56B2733B2}.Debug|x86.Build.0 = Debug|Any CPU
		{C4FA914F-1331-4246-9AC3-C7F56B2733B2}.Release|Any CPU.ActiveCfg = Release|Any CPU
		{C4FA914F-1331-4246-9AC3-C7F56B2733B2}.Release|Any CPU.Build.0 = Release|Any CPU
		{C4FA914F-1331-4246-9AC3-C7F56B2733B2}.Release|ARM.ActiveCfg = Release|Any CPU
		{C4FA914F-1331-4246-9AC3-C7F56B2733B2}.Release|ARM.Build.0 = Release|Any CPU
		{C4FA914F-1331-4246-9AC3-C7F56B2733B2}.Release|iPhone.ActiveCfg = Release|Any CPU
		{C4FA914F-1331-4246-9AC3-C7F56B2733B2}.Release|iPhone.Build.0 = Release|Any CPU
		{C4FA914F-1331-4246-9AC3-C7F56B2733B2}.Release|iPhoneSimulator.ActiveCfg = Release|Any CPU
		{C4FA914F-1331-4246-9AC3-C7F56B2733B2}.Release|iPhoneSimulator.Build.0 = Release|Any CPU
		{C4FA914F-1331-4246-9AC3-C7F56B2733B2}.Release|x64.ActiveCfg = Release|Any CPU
		{C4FA914F-1331-4246-9AC3-C7F56B2733B2}.Release|x64.Build.0 = Release|Any CPU
		{C4FA914F-1331-4246-9AC3-C7F56B2733B2}.Release|x86.ActiveCfg = Release|Any CPU
		{C4FA914F-1331-4246-9AC3-C7F56B2733B2}.Release|x86.Build.0 = Release|Any CPU
		{A7EC0306-39AA-4A3A-AE44-74A573F19ABC}.Ad-Hoc|Any CPU.ActiveCfg = Release|Any CPU
		{A7EC0306-39AA-4A3A-AE44-74A573F19ABC}.Ad-Hoc|Any CPU.Build.0 = Release|Any CPU
		{A7EC0306-39AA-4A3A-AE44-74A573F19ABC}.Ad-Hoc|ARM.ActiveCfg = Release|Any CPU
		{A7EC0306-39AA-4A3A-AE44-74A573F19ABC}.Ad-Hoc|ARM.Build.0 = Release|Any CPU
		{A7EC0306-39AA-4A3A-AE44-74A573F19ABC}.Ad-Hoc|iPhone.ActiveCfg = Release|Any CPU
		{A7EC0306-39AA-4A3A-AE44-74A573F19ABC}.Ad-Hoc|iPhone.Build.0 = Release|Any CPU
		{A7EC0306-39AA-4A3A-AE44-74A573F19ABC}.Ad-Hoc|iPhoneSimulator.ActiveCfg = Release|Any CPU
		{A7EC0306-39AA-4A3A-AE44-74A573F19ABC}.Ad-Hoc|iPhoneSimulator.Build.0 = Release|Any CPU
		{A7EC0306-39AA-4A3A-AE44-74A573F19ABC}.Ad-Hoc|x64.ActiveCfg = Release|Any CPU
		{A7EC0306-39AA-4A3A-AE44-74A573F19ABC}.Ad-Hoc|x64.Build.0 = Release|Any CPU
		{A7EC0306-39AA-4A3A-AE44-74A573F19ABC}.Ad-Hoc|x86.ActiveCfg = Release|Any CPU
		{A7EC0306-39AA-4A3A-AE44-74A573F19ABC}.Ad-Hoc|x86.Build.0 = Release|Any CPU
		{A7EC0306-39AA-4A3A-AE44-74A573F19ABC}.AppStore|Any CPU.ActiveCfg = Release|Any CPU
		{A7EC0306-39AA-4A3A-AE44-74A573F19ABC}.AppStore|Any CPU.Build.0 = Release|Any CPU
		{A7EC0306-39AA-4A3A-AE44-74A573F19ABC}.AppStore|ARM.ActiveCfg = Release|Any CPU
		{A7EC0306-39AA-4A3A-AE44-74A573F19ABC}.AppStore|ARM.Build.0 = Release|Any CPU
		{A7EC0306-39AA-4A3A-AE44-74A573F19ABC}.AppStore|iPhone.ActiveCfg = Release|Any CPU
		{A7EC0306-39AA-4A3A-AE44-74A573F19ABC}.AppStore|iPhone.Build.0 = Release|Any CPU
		{A7EC0306-39AA-4A3A-AE44-74A573F19ABC}.AppStore|iPhoneSimulator.ActiveCfg = Release|Any CPU
		{A7EC0306-39AA-4A3A-AE44-74A573F19ABC}.AppStore|iPhoneSimulator.Build.0 = Release|Any CPU
		{A7EC0306-39AA-4A3A-AE44-74A573F19ABC}.AppStore|x64.ActiveCfg = Release|Any CPU
		{A7EC0306-39AA-4A3A-AE44-74A573F19ABC}.AppStore|x64.Build.0 = Release|Any CPU
		{A7EC0306-39AA-4A3A-AE44-74A573F19ABC}.AppStore|x86.ActiveCfg = Release|Any CPU
		{A7EC0306-39AA-4A3A-AE44-74A573F19ABC}.AppStore|x86.Build.0 = Release|Any CPU
		{A7EC0306-39AA-4A3A-AE44-74A573F19ABC}.Debug|Any CPU.ActiveCfg = Debug|Any CPU
		{A7EC0306-39AA-4A3A-AE44-74A573F19ABC}.Debug|Any CPU.Build.0 = Debug|Any CPU
		{A7EC0306-39AA-4A3A-AE44-74A573F19ABC}.Debug|ARM.ActiveCfg = Debug|Any CPU
		{A7EC0306-39AA-4A3A-AE44-74A573F19ABC}.Debug|ARM.Build.0 = Debug|Any CPU
		{A7EC0306-39AA-4A3A-AE44-74A573F19ABC}.Debug|iPhone.ActiveCfg = Debug|Any CPU
		{A7EC0306-39AA-4A3A-AE44-74A573F19ABC}.Debug|iPhone.Build.0 = Debug|Any CPU
		{A7EC0306-39AA-4A3A-AE44-74A573F19ABC}.Debug|iPhoneSimulator.ActiveCfg = Debug|Any CPU
		{A7EC0306-39AA-4A3A-AE44-74A573F19ABC}.Debug|iPhoneSimulator.Build.0 = Debug|Any CPU
		{A7EC0306-39AA-4A3A-AE44-74A573F19ABC}.Debug|x64.ActiveCfg = Debug|Any CPU
		{A7EC0306-39AA-4A3A-AE44-74A573F19ABC}.Debug|x64.Build.0 = Debug|Any CPU
		{A7EC0306-39AA-4A3A-AE44-74A573F19ABC}.Debug|x86.ActiveCfg = Debug|Any CPU
		{A7EC0306-39AA-4A3A-AE44-74A573F19ABC}.Debug|x86.Build.0 = Debug|Any CPU
		{A7EC0306-39AA-4A3A-AE44-74A573F19ABC}.Release|Any CPU.ActiveCfg = Release|Any CPU
		{A7EC0306-39AA-4A3A-AE44-74A573F19ABC}.Release|Any CPU.Build.0 = Release|Any CPU
		{A7EC0306-39AA-4A3A-AE44-74A573F19ABC}.Release|ARM.ActiveCfg = Release|Any CPU
		{A7EC0306-39AA-4A3A-AE44-74A573F19ABC}.Release|ARM.Build.0 = Release|Any CPU
		{A7EC0306-39AA-4A3A-AE44-74A573F19ABC}.Release|iPhone.ActiveCfg = Release|Any CPU
		{A7EC0306-39AA-4A3A-AE44-74A573F19ABC}.Release|iPhone.Build.0 = Release|Any CPU
		{A7EC0306-39AA-4A3A-AE44-74A573F19ABC}.Release|iPhoneSimulator.ActiveCfg = Release|Any CPU
		{A7EC0306-39AA-4A3A-AE44-74A573F19ABC}.Release|iPhoneSimulator.Build.0 = Release|Any CPU
		{A7EC0306-39AA-4A3A-AE44-74A573F19ABC}.Release|x64.ActiveCfg = Release|Any CPU
		{A7EC0306-39AA-4A3A-AE44-74A573F19ABC}.Release|x64.Build.0 = Release|Any CPU
		{A7EC0306-39AA-4A3A-AE44-74A573F19ABC}.Release|x86.ActiveCfg = Release|Any CPU
		{A7EC0306-39AA-4A3A-AE44-74A573F19ABC}.Release|x86.Build.0 = Release|Any CPU
	EndGlobalSection
	GlobalSection(SolutionProperties) = preSolution
		HideSolutionNode = FALSE
	EndGlobalSection
EndGlobal
